
Microsoft Visual Studio Solution File, Format Version 12.00
# Visual Studio Version 16
VisualStudioVersion = 16.0.29424.173
MinimumVisualStudioVersion = 10.0.40219.1
Project("{FAE04EC0-301F-11D3-BF4B-00C04F79EFBC}") = "StringMetotlar", "StringMetotlar\StringMetotlar.csproj", "{B4CC664F-9DA3-490A-8D72-69006C13AE1D}"
EndProject
Global
	GlobalSection(SolutionConfigurationPlatforms) = preSolution
		Debug|Any CPU = Debug|Any CPU
		Release|Any CPU = Release|Any CPU
	EndGlobalSection
	GlobalSection(ProjectConfigurationPlatforms) = postSolution
		{B4CC664F-9DA3-490A-8D72-69006C13AE1D}.Debug|Any CPU.ActiveCfg = Debug|Any CPU
		{B4CC664F-9DA3-490A-8D72-69006C13AE1D}.Debug|Any CPU.Build.0 = Debug|Any CPU
		{B4CC664F-9DA3-490A-8D72-69006C13AE1D}.Release|Any CPU.ActiveCfg = Release|Any CPU
		{B4CC664F-9DA3-490A-8D72-69006C13AE1D}.Release|Any CPU.Build.0 = Release|Any CPU
	EndGlobalSection
	GlobalSection(SolutionProperties) = preSolution
		HideSolutionNode = FALSE
	EndGlobalSection
	GlobalSection(ExtensibilityGlobals) = postSolution
		SolutionGuid = {707883AB-0880-4BA0-A4CF-0CE9EF411875}
	EndGlobalSection
EndGlobal
